{
  "nodes": {
    "nixpkgs": {
      "locked": {
        "lastModified": 1638036523,
        "narHash": "sha256-ZL6gogsuBmhBvIro+YwRKrypYhwVPCOOO7FmhOV/xyE=",
        "owner": "nixos",
        "repo": "nixpkgs",
        "rev": "9c191ebcdfe917043195c54ab6ae8e934434fe7b",
        "type": "github"
      },
      "original": {
        "owner": "nixos",
        "ref": "nixpkgs-unstable",
        "repo": "nixpkgs",
        "type": "github"
      }
    },
    "root": {
      "inputs": {
        "nixpkgs": "nixpkgs"
      }
    }
  },
  "root": "root",
  "version": 7
}
